
Microsoft Visual Studio Solution File, Format Version 12.00
# Visual Studio Version 17
VisualStudioVersion = 17.4.33122.133
MinimumVisualStudioVersion = 10.0.40219.1
Project("{9A19103F-16F7-4668-BE54-9A1E7A4F7556}") = "TatterFitness.Backup", "TatterFitness.Backup\TatterFitness.Backup.csproj", "{0DB74B27-73DE-46EA-90B3-9BFD25B9D08C}"
EndProject
Project("{9A19103F-16F7-4668-BE54-9A1E7A4F7556}") = "TatterFitness.Bll", "shared\TatterFitness.Bll\TatterFitness.Bll.csproj", "{01BCB1AB-89FA-4DA6-A1BF-B6E883C4759C}"
EndProject
Project("{9A19103F-16F7-4668-BE54-9A1E7A4F7556}") = "TatterFitness.Dal", "shared\TatterFitness.Dal\TatterFitness.Dal.csproj", "{D281AF39-620F-4A5C-86BA-852E811657E0}"
EndProject
Project("{9A19103F-16F7-4668-BE54-9A1E7A4F7556}") = "TatterFitness.Models", "shared\TatterFitness.Models\TatterFitness.Models.csproj", "{654C6671-4824-4EF9-99C0-E690183A69EA}"
EndProject
Global
	GlobalSection(SolutionConfigurationPlatforms) = preSolution
		Debug|Any CPU = Debug|Any CPU
		Release|Any CPU = Release|Any CPU
	EndGlobalSection
	GlobalSection(ProjectConfigurationPlatforms) = postSolution
		{0DB74B27-73DE-46EA-90B3-9BFD25B9D08C}.Debug|Any CPU.ActiveCfg = Debug|Any CPU
		{0DB74B27-73DE-46EA-90B3-9BFD25B9D08C}.Debug|Any CPU.Build.0 = Debug|Any CPU
		{0DB74B27-73DE-46EA-90B3-9BFD25B9D08C}.Release|Any CPU.ActiveCfg = Release|Any CPU
		{0DB74B27-73DE-46EA-90B3-9BFD25B9D08C}.Release|Any CPU.Build.0 = Release|Any CPU
		{01BCB1AB-89FA-4DA6-A1BF-B6E883C4759C}.Debug|Any CPU.ActiveCfg = Debug|Any CPU
		{01BCB1AB-89FA-4DA6-A1BF-B6E883C4759C}.Debug|Any CPU.Build.0 = Debug|Any CPU
		{01BCB1AB-89FA-4DA6-A1BF-B6E883C4759C}.Release|Any CPU.ActiveCfg = Release|Any CPU
		{01BCB1AB-89FA-4DA6-A1BF-B6E883C4759C}.Release|Any CPU.Build.0 = Release|Any CPU
		{D281AF39-620F-4A5C-86BA-852E811657E0}.Debug|Any CPU.ActiveCfg = Debug|Any CPU
		{D281AF39-620F-4A5C-86BA-852E811657E0}.Debug|Any CPU.Build.0 = Debug|Any CPU
		{D281AF39-620F-4A5C-86BA-852E811657E0}.Release|Any CPU.ActiveCfg = Release|Any CPU
		{D281AF39-620F-4A5C-86BA-852E811657E0}.Release|Any CPU.Build.0 = Release|Any CPU
		{654C6671-4824-4EF9-99C0-E690183A69EA}.Debug|Any CPU.ActiveCfg = Debug|Any CPU
		{654C6671-4824-4EF9-99C0-E690183A69EA}.Debug|Any CPU.Build.0 = Debug|Any CPU
		{654C6671-4824-4EF9-99C0-E690183A69EA}.Release|Any CPU.ActiveCfg = Release|Any CPU
		{654C6671-4824-4EF9-99C0-E690183A69EA}.Release|Any CPU.Build.0 = Release|Any CPU
	EndGlobalSection
	GlobalSection(SolutionProperties) = preSolution
		HideSolutionNode = FALSE
	EndGlobalSection
	GlobalSection(ExtensibilityGlobals) = postSolution
		SolutionGuid = {5FE37A78-8CD6-435A-A3A5-2AD280EE72E9}
	EndGlobalSection
EndGlobal
